
Microsoft Visual Studio Solution File, Format Version 12.00
# Visual Studio Version 17
VisualStudioVersion = 17.9.34714.143
MinimumVisualStudioVersion = 10.0.40219.1
Project("{9A19103F-16F7-4668-BE54-9A1E7A4F7556}") = "Example.TestAutomation.DemoTests", "Example.TestAutomation.ExampleTests\Example.TestAutomation.DemoTests.csproj", "{7210CE07-7FEE-49EC-AD0B-BD0D6870ED28}"
EndProject
Project("{9A19103F-16F7-4668-BE54-9A1E7A4F7556}") = "Example.TestAutomation.Ui", "ui-framework\Example.TestAutomation.Ui\Example.TestAutomation.Ui.csproj", "{477DE74E-3F7D-4CC0-AC39-A474A0F11D6B}"
EndProject
Global
	GlobalSection(SolutionConfigurationPlatforms) = preSolution
		Debug|Any CPU = Debug|Any CPU
		Release|Any CPU = Release|Any CPU
	EndGlobalSection
	GlobalSection(ProjectConfigurationPlatforms) = postSolution
		{7210CE07-7FEE-49EC-AD0B-BD0D6870ED28}.Debug|Any CPU.ActiveCfg = Debug|Any CPU
		{7210CE07-7FEE-49EC-AD0B-BD0D6870ED28}.Debug|Any CPU.Build.0 = Debug|Any CPU
		{7210CE07-7FEE-49EC-AD0B-BD0D6870ED28}.Release|Any CPU.ActiveCfg = Release|Any CPU
		{7210CE07-7FEE-49EC-AD0B-BD0D6870ED28}.Release|Any CPU.Build.0 = Release|Any CPU
		{477DE74E-3F7D-4CC0-AC39-A474A0F11D6B}.Debug|Any CPU.ActiveCfg = Debug|Any CPU
		{477DE74E-3F7D-4CC0-AC39-A474A0F11D6B}.Debug|Any CPU.Build.0 = Debug|Any CPU
		{477DE74E-3F7D-4CC0-AC39-A474A0F11D6B}.Release|Any CPU.ActiveCfg = Release|Any CPU
		{477DE74E-3F7D-4CC0-AC39-A474A0F11D6B}.Release|Any CPU.Build.0 = Release|Any CPU
	EndGlobalSection
	GlobalSection(SolutionProperties) = preSolution
		HideSolutionNode = FALSE
	EndGlobalSection
	GlobalSection(ExtensibilityGlobals) = postSolution
		SolutionGuid = {6CCC1DB5-1964-4BB9-B0A4-B6A3198F2C18}
	EndGlobalSection
EndGlobal
